
Microsoft Visual Studio Solution File, Format Version 12.00
# Visual Studio Version 16
VisualStudioVersion = 16.0.32106.194
MinimumVisualStudioVersion = 10.0.40219.1
Project("{FAE04EC0-301F-11D3-BF4B-00C04F79EFBC}") = "WizardUsageSample", "WizardUsageSample\WizardUsageSample.csproj", "{C00ECD51-7423-44BE-9EE9-9E80EABFAB39}"
EndProject
Project("{FAE04EC0-301F-11D3-BF4B-00C04F79EFBC}") = "Wpf.Wizard", "Wpf.Wizard\Wpf.Wizard.csproj", "{982CFF8B-38B0-426E-A5FC-8BFD8C6178D8}"
EndProject
Global
	GlobalSection(SolutionConfigurationPlatforms) = preSolution
		Debug|Any CPU = Debug|Any CPU
		Release|Any CPU = Release|Any CPU
	EndGlobalSection
	GlobalSection(ProjectConfigurationPlatforms) = postSolution
		{C00ECD51-7423-44BE-9EE9-9E80EABFAB39}.Debug|Any CPU.ActiveCfg = Debug|Any CPU
		{C00ECD51-7423-44BE-9EE9-9E80EABFAB39}.Debug|Any CPU.Build.0 = Debug|Any CPU
		{C00ECD51-7423-44BE-9EE9-9E80EABFAB39}.Release|Any CPU.ActiveCfg = Release|Any CPU
		{C00ECD51-7423-44BE-9EE9-9E80EABFAB39}.Release|Any CPU.Build.0 = Release|Any CPU
		{982CFF8B-38B0-426E-A5FC-8BFD8C6178D8}.Debug|Any CPU.ActiveCfg = Debug|Any CPU
		{982CFF8B-38B0-426E-A5FC-8BFD8C6178D8}.Debug|Any CPU.Build.0 = Debug|Any CPU
		{982CFF8B-38B0-426E-A5FC-8BFD8C6178D8}.Release|Any CPU.ActiveCfg = Release|Any CPU
		{982CFF8B-38B0-426E-A5FC-8BFD8C6178D8}.Release|Any CPU.Build.0 = Release|Any CPU
	EndGlobalSection
	GlobalSection(SolutionProperties) = preSolution
		HideSolutionNode = FALSE
	EndGlobalSection
	GlobalSection(ExtensibilityGlobals) = postSolution
		SolutionGuid = {8E10AD36-FED9-4150-95E7-3FAA9CB046C4}
	EndGlobalSection
EndGlobal
